
Microsoft Visual Studio Solution File, Format Version 12.00
# Visual Studio Version 17
VisualStudioVersion = 17.0.31903.59
MinimumVisualStudioVersion = 10.0.40219.1
Project("{FAE04EC0-301F-11D3-BF4B-00C04F79EFBC}") = "ToDoListClient", "ToDoListClient\ToDoListClient.csproj", "{034D3E4A-2251-4FC3-B98E-38DF43D67305}"
EndProject
Project("{FAE04EC0-301F-11D3-BF4B-00C04F79EFBC}") = "ToDoListAPI", "ToDoListApi\ToDoListAPI.csproj", "{CEC4A116-1B80-407C-BE63-B658E09BD57A}"
EndProject
Global
	GlobalSection(SolutionConfigurationPlatforms) = preSolution
		Debug|Any CPU = Debug|Any CPU
		Release|Any CPU = Release|Any CPU
	EndGlobalSection
	GlobalSection(SolutionProperties) = preSolution
		HideSolutionNode = FALSE
	EndGlobalSection
	GlobalSection(ProjectConfigurationPlatforms) = postSolution
		{034D3E4A-2251-4FC3-B98E-38DF43D67305}.Debug|Any CPU.ActiveCfg = Debug|Any CPU
		{034D3E4A-2251-4FC3-B98E-38DF43D67305}.Debug|Any CPU.Build.0 = Debug|Any CPU
		{034D3E4A-2251-4FC3-B98E-38DF43D67305}.Release|Any CPU.ActiveCfg = Release|Any CPU
		{034D3E4A-2251-4FC3-B98E-38DF43D67305}.Release|Any CPU.Build.0 = Release|Any CPU
		{CEC4A116-1B80-407C-BE63-B658E09BD57A}.Debug|Any CPU.ActiveCfg = Debug|Any CPU
		{CEC4A116-1B80-407C-BE63-B658E09BD57A}.Debug|Any CPU.Build.0 = Debug|Any CPU
		{CEC4A116-1B80-407C-BE63-B658E09BD57A}.Release|Any CPU.ActiveCfg = Release|Any CPU
		{CEC4A116-1B80-407C-BE63-B658E09BD57A}.Release|Any CPU.Build.0 = Release|Any CPU
	EndGlobalSection
EndGlobal
