
Microsoft Visual Studio Solution File, Format Version 12.00
# Visual Studio Version 17
VisualStudioVersion = 17.0.31903.59
MinimumVisualStudioVersion = 10.0.40219.1
Project("{FAE04EC0-301F-11D3-BF4B-00C04F79EFBC}") = "ToDoListAPI", "ToDoListAPI\ToDoListAPI.csproj", "{2FBFBF34-E65A-4BB1-95FE-9352231B46DD}"
EndProject
Project("{FAE04EC0-301F-11D3-BF4B-00C04F79EFBC}") = "ToDoListClient", "ToDoListClient\ToDoListClient.csproj", "{0579AD54-FC12-46AA-817A-0A5791F38492}"
EndProject
Global
	GlobalSection(SolutionConfigurationPlatforms) = preSolution
		Debug|Any CPU = Debug|Any CPU
		Release|Any CPU = Release|Any CPU
	EndGlobalSection
	GlobalSection(SolutionProperties) = preSolution
		HideSolutionNode = FALSE
	EndGlobalSection
	GlobalSection(ProjectConfigurationPlatforms) = postSolution
		{2FBFBF34-E65A-4BB1-95FE-9352231B46DD}.Debug|Any CPU.ActiveCfg = Debug|Any CPU
		{2FBFBF34-E65A-4BB1-95FE-9352231B46DD}.Debug|Any CPU.Build.0 = Debug|Any CPU
		{2FBFBF34-E65A-4BB1-95FE-9352231B46DD}.Release|Any CPU.ActiveCfg = Release|Any CPU
		{2FBFBF34-E65A-4BB1-95FE-9352231B46DD}.Release|Any CPU.Build.0 = Release|Any CPU
		{0579AD54-FC12-46AA-817A-0A5791F38492}.Debug|Any CPU.ActiveCfg = Debug|Any CPU
		{0579AD54-FC12-46AA-817A-0A5791F38492}.Debug|Any CPU.Build.0 = Debug|Any CPU
		{0579AD54-FC12-46AA-817A-0A5791F38492}.Release|Any CPU.ActiveCfg = Release|Any CPU
		{0579AD54-FC12-46AA-817A-0A5791F38492}.Release|Any CPU.Build.0 = Release|Any CPU
	EndGlobalSection
EndGlobal
